
Microsoft Visual Studio Solution File, Format Version 10.00
# Visual Studio 2008
Project("{FAE04EC0-301F-11D3-BF4B-00C04F79EFBC}") = "BubblesServer", "BubblesServer.csproj", "{D3BB913E-8F95-4196-ADA5-C736D89DA844}"
EndProject
Global
	GlobalSection(SolutionConfigurationPlatforms) = preSolution
		Debug|x86 = Debug|x86
		Release|x86 = Release|x86
	EndGlobalSection
	GlobalSection(ProjectConfigurationPlatforms) = postSolution
		{D3BB913E-8F95-4196-ADA5-C736D89DA844}.Debug|x86.ActiveCfg = Debug|x86
		{D3BB913E-8F95-4196-ADA5-C736D89DA844}.Debug|x86.Build.0 = Debug|x86
		{D3BB913E-8F95-4196-ADA5-C736D89DA844}.Release|x86.ActiveCfg = Release|x86
		{D3BB913E-8F95-4196-ADA5-C736D89DA844}.Release|x86.Build.0 = Release|x86
	EndGlobalSection
	GlobalSection(MonoDevelopProperties) = preSolution
		StartupItem = BubblesServer.csproj
	EndGlobalSection
EndGlobal
