
Microsoft Visual Studio Solution File, Format Version 11.00
# Visual C# Express 2010
Project("{FAE04EC0-301F-11D3-BF4B-00C04F79EFBC}") = "BubblesServer", "BubblesServer.csproj", "{D3BB913E-8F95-4196-ADA5-C736D89DA844}"
EndProject
Project("{FAE04EC0-301F-11D3-BF4B-00C04F79EFBC}") = "DummyClient", "..\DummyClient\DummyClient.csproj", "{160812C3-6CF7-4EFD-9057-F7202B6E5DB9}"
EndProject
Global
	GlobalSection(SolutionConfigurationPlatforms) = preSolution
		Debug|x86 = Debug|x86
		Release|x86 = Release|x86
	EndGlobalSection
	GlobalSection(ProjectConfigurationPlatforms) = postSolution
		{D3BB913E-8F95-4196-ADA5-C736D89DA844}.Debug|x86.ActiveCfg = Debug|x86
		{D3BB913E-8F95-4196-ADA5-C736D89DA844}.Debug|x86.Build.0 = Debug|x86
		{D3BB913E-8F95-4196-ADA5-C736D89DA844}.Release|x86.ActiveCfg = Release|x86
		{D3BB913E-8F95-4196-ADA5-C736D89DA844}.Release|x86.Build.0 = Release|x86
		{160812C3-6CF7-4EFD-9057-F7202B6E5DB9}.Debug|x86.ActiveCfg = Debug|x86
		{160812C3-6CF7-4EFD-9057-F7202B6E5DB9}.Debug|x86.Build.0 = Debug|x86
		{160812C3-6CF7-4EFD-9057-F7202B6E5DB9}.Release|x86.ActiveCfg = Release|x86
		{160812C3-6CF7-4EFD-9057-F7202B6E5DB9}.Release|x86.Build.0 = Release|x86
	EndGlobalSection
	GlobalSection(SolutionProperties) = preSolution
		HideSolutionNode = FALSE
	EndGlobalSection
	GlobalSection(MonoDevelopProperties) = preSolution
		StartupItem = BubblesServer.csproj
		Policies = $0
		$0.DotNetNamingPolicy = $1
		$1.DirectoryNamespaceAssociation = None
		$1.ResourceNamePolicy = FileFormatDefault
		$0.TextStylePolicy = $2
		$2.inheritsSet = null
		$2.scope = text/x-csharp
		$0.CSharpFormattingPolicy = $3
		$3.BeforeMethodDeclarationParentheses = False
		$3.BeforeMethodCallParentheses = False
		$3.BeforeConstructorDeclarationParentheses = False
		$3.BeforeIndexerDeclarationBracket = False
		$3.BeforeDelegateDeclarationParentheses = False
		$3.NewParentheses = False
		$3.IfParentheses = False
		$3.WhileParentheses = False
		$3.ForParentheses = False
		$3.ForeachParentheses = False
		$3.SwitchParentheses = False
		$3.LockParentheses = False
		$3.UsingParentheses = False
		$3.SpacesBeforeBrackets = False
		$3.inheritsSet = Mono
		$3.inheritsScope = text/x-csharp
		$3.scope = text/x-csharp
		$0.TextStylePolicy = $4
		$4.FileWidth = 120
		$4.inheritsSet = VisualStudio
		$4.inheritsScope = text/plain
		$4.scope = text/plain
		$0.VersionControlPolicy = $5
		$5.inheritsSet = Mono
	EndGlobalSection
EndGlobal
